Microsoft Visual Studio Solution File, Format Version 8.00
Project("{8BC9CEB8-8B4A-11D0-8D11-00A0C91BC942}") = "zlib", "zlib.vcproj", "{A5FD576E-1E8C-4FD4-A49A-661BFE741D34}"
	ProjectSection(ProjectDependencies) = postProject
	EndProjectSection
EndProject
Project("{8BC9CEB8-8B4A-11D0-8D11-00A0C91BC942}") = "intl", "intl.vcproj", "{4269BD79-1391-472B-8B54-93883120C4EE}"
	ProjectSection(ProjectDependencies) = postProject
	EndProjectSection
EndProject
Project("{8BC9CEB8-8B4A-11D0-8D11-00A0C91BC942}") = "iconv", "iconv.vcproj", "{5A04D88B-CE7F-440D-A9FE-9EA967BCEB0D}"
	ProjectSection(ProjectDependencies) = postProject
	EndProjectSection
EndProject
Project("{8BC9CEB8-8B4A-11D0-8D11-00A0C91BC942}") = "eb", "eb.vcproj", "{65BDA211-9B7A-4FDE-BA27-7D77F1BD4C6B}"
	ProjectSection(ProjectDependencies) = postProject
		{4269BD79-1391-472B-8B54-93883120C4EE} = {4269BD79-1391-472B-8B54-93883120C4EE}
		{A5FD576E-1E8C-4FD4-A49A-661BFE741D34} = {A5FD576E-1E8C-4FD4-A49A-661BFE741D34}
	EndProjectSection
EndProject
Project("{8BC9CEB8-8B4A-11D0-8D11-00A0C91BC942}") = "ebutils", "ebutils.vcproj", "{F2E0FC1A-BF1D-42AF-83B3-729F7B37AEAE}"
	ProjectSection(ProjectDependencies) = postProject
		{5A04D88B-CE7F-440D-A9FE-9EA967BCEB0D} = {5A04D88B-CE7F-440D-A9FE-9EA967BCEB0D}
		{4269BD79-1391-472B-8B54-93883120C4EE} = {4269BD79-1391-472B-8B54-93883120C4EE}
		{65BDA211-9B7A-4FDE-BA27-7D77F1BD4C6B} = {65BDA211-9B7A-4FDE-BA27-7D77F1BD4C6B}
		{A5FD576E-1E8C-4FD4-A49A-661BFE741D34} = {A5FD576E-1E8C-4FD4-A49A-661BFE741D34}
	EndProjectSection
EndProject
Project("{8BC9CEB8-8B4A-11D0-8D11-00A0C91BC942}") = "ebfont", "ebfont.vcproj", "{C64364D1-462D-4D47-B1CD-46DC4D0B8AB1}"
	ProjectSection(ProjectDependencies) = postProject
		{5A04D88B-CE7F-440D-A9FE-9EA967BCEB0D} = {5A04D88B-CE7F-440D-A9FE-9EA967BCEB0D}
		{4269BD79-1391-472B-8B54-93883120C4EE} = {4269BD79-1391-472B-8B54-93883120C4EE}
		{F2E0FC1A-BF1D-42AF-83B3-729F7B37AEAE} = {F2E0FC1A-BF1D-42AF-83B3-729F7B37AEAE}
		{65BDA211-9B7A-4FDE-BA27-7D77F1BD4C6B} = {65BDA211-9B7A-4FDE-BA27-7D77F1BD4C6B}
		{A5FD576E-1E8C-4FD4-A49A-661BFE741D34} = {A5FD576E-1E8C-4FD4-A49A-661BFE741D34}
	EndProjectSection
EndProject
Project("{8BC9CEB8-8B4A-11D0-8D11-00A0C91BC942}") = "ebinfo", "ebinfo.vcproj", "{BFF0B78A-0273-445C-AF14-3DD5571EC905}"
	ProjectSection(ProjectDependencies) = postProject
		{5A04D88B-CE7F-440D-A9FE-9EA967BCEB0D} = {5A04D88B-CE7F-440D-A9FE-9EA967BCEB0D}
		{4269BD79-1391-472B-8B54-93883120C4EE} = {4269BD79-1391-472B-8B54-93883120C4EE}
		{F2E0FC1A-BF1D-42AF-83B3-729F7B37AEAE} = {F2E0FC1A-BF1D-42AF-83B3-729F7B37AEAE}
		{65BDA211-9B7A-4FDE-BA27-7D77F1BD4C6B} = {65BDA211-9B7A-4FDE-BA27-7D77F1BD4C6B}
		{A5FD576E-1E8C-4FD4-A49A-661BFE741D34} = {A5FD576E-1E8C-4FD4-A49A-661BFE741D34}
	EndProjectSection
EndProject
Project("{8BC9CEB8-8B4A-11D0-8D11-00A0C91BC942}") = "ebrefile", "ebrefile.vcproj", "{1FDD0489-BB0F-41A1-B89F-90063208004C}"
	ProjectSection(ProjectDependencies) = postProject
		{5A04D88B-CE7F-440D-A9FE-9EA967BCEB0D} = {5A04D88B-CE7F-440D-A9FE-9EA967BCEB0D}
		{4269BD79-1391-472B-8B54-93883120C4EE} = {4269BD79-1391-472B-8B54-93883120C4EE}
		{F2E0FC1A-BF1D-42AF-83B3-729F7B37AEAE} = {F2E0FC1A-BF1D-42AF-83B3-729F7B37AEAE}
		{65BDA211-9B7A-4FDE-BA27-7D77F1BD4C6B} = {65BDA211-9B7A-4FDE-BA27-7D77F1BD4C6B}
		{A5FD576E-1E8C-4FD4-A49A-661BFE741D34} = {A5FD576E-1E8C-4FD4-A49A-661BFE741D34}
	EndProjectSection
EndProject
Project("{8BC9CEB8-8B4A-11D0-8D11-00A0C91BC942}") = "ebstopcode", "ebstopcode.vcproj", "{FF29EDEA-CC71-47A5-B143-CF9523075EE1}"
	ProjectSection(ProjectDependencies) = postProject
		{5A04D88B-CE7F-440D-A9FE-9EA967BCEB0D} = {5A04D88B-CE7F-440D-A9FE-9EA967BCEB0D}
		{4269BD79-1391-472B-8B54-93883120C4EE} = {4269BD79-1391-472B-8B54-93883120C4EE}
		{F2E0FC1A-BF1D-42AF-83B3-729F7B37AEAE} = {F2E0FC1A-BF1D-42AF-83B3-729F7B37AEAE}
		{65BDA211-9B7A-4FDE-BA27-7D77F1BD4C6B} = {65BDA211-9B7A-4FDE-BA27-7D77F1BD4C6B}
		{A5FD576E-1E8C-4FD4-A49A-661BFE741D34} = {A5FD576E-1E8C-4FD4-A49A-661BFE741D34}
	EndProjectSection
EndProject
Project("{8BC9CEB8-8B4A-11D0-8D11-00A0C91BC942}") = "ebzip", "ebzip.vcproj", "{4BD1AEEF-3A2F-4BD9-92FF-B6182B7D54C2}"
	ProjectSection(ProjectDependencies) = postProject
		{5A04D88B-CE7F-440D-A9FE-9EA967BCEB0D} = {5A04D88B-CE7F-440D-A9FE-9EA967BCEB0D}
		{4269BD79-1391-472B-8B54-93883120C4EE} = {4269BD79-1391-472B-8B54-93883120C4EE}
		{F2E0FC1A-BF1D-42AF-83B3-729F7B37AEAE} = {F2E0FC1A-BF1D-42AF-83B3-729F7B37AEAE}
		{65BDA211-9B7A-4FDE-BA27-7D77F1BD4C6B} = {65BDA211-9B7A-4FDE-BA27-7D77F1BD4C6B}
		{A5FD576E-1E8C-4FD4-A49A-661BFE741D34} = {A5FD576E-1E8C-4FD4-A49A-661BFE741D34}
	EndProjectSection
EndProject
Global
	GlobalSection(SolutionConfiguration) = preSolution
		Debug = Debug
		Release = Release
	EndGlobalSection
	GlobalSection(ProjectConfiguration) = postSolution
		{A5FD576E-1E8C-4FD4-A49A-661BFE741D34}.Debug.ActiveCfg = Debug|Win32
		{A5FD576E-1E8C-4FD4-A49A-661BFE741D34}.Debug.Build.0 = Debug|Win32
		{A5FD576E-1E8C-4FD4-A49A-661BFE741D34}.Release.ActiveCfg = Release|Win32
		{A5FD576E-1E8C-4FD4-A49A-661BFE741D34}.Release.Build.0 = Release|Win32
		{4269BD79-1391-472B-8B54-93883120C4EE}.Debug.ActiveCfg = Debug|Win32
		{4269BD79-1391-472B-8B54-93883120C4EE}.Debug.Build.0 = Debug|Win32
		{4269BD79-1391-472B-8B54-93883120C4EE}.Release.ActiveCfg = Release|Win32
		{4269BD79-1391-472B-8B54-93883120C4EE}.Release.Build.0 = Release|Win32
		{5A04D88B-CE7F-440D-A9FE-9EA967BCEB0D}.Debug.ActiveCfg = Debug|Win32
		{5A04D88B-CE7F-440D-A9FE-9EA967BCEB0D}.Debug.Build.0 = Debug|Win32
		{5A04D88B-CE7F-440D-A9FE-9EA967BCEB0D}.Release.ActiveCfg = Release|Win32
		{5A04D88B-CE7F-440D-A9FE-9EA967BCEB0D}.Release.Build.0 = Release|Win32
		{65BDA211-9B7A-4FDE-BA27-7D77F1BD4C6B}.Debug.ActiveCfg = Debug|Win32
		{65BDA211-9B7A-4FDE-BA27-7D77F1BD4C6B}.Debug.Build.0 = Debug|Win32
		{65BDA211-9B7A-4FDE-BA27-7D77F1BD4C6B}.Release.ActiveCfg = Release|Win32
		{65BDA211-9B7A-4FDE-BA27-7D77F1BD4C6B}.Release.Build.0 = Release|Win32
		{F2E0FC1A-BF1D-42AF-83B3-729F7B37AEAE}.Debug.ActiveCfg = Debug|Win32
		{F2E0FC1A-BF1D-42AF-83B3-729F7B37AEAE}.Debug.Build.0 = Debug|Win32
		{F2E0FC1A-BF1D-42AF-83B3-729F7B37AEAE}.Release.ActiveCfg = Release|Win32
		{F2E0FC1A-BF1D-42AF-83B3-729F7B37AEAE}.Release.Build.0 = Release|Win32
		{C64364D1-462D-4D47-B1CD-46DC4D0B8AB1}.Debug.ActiveCfg = Debug|Win32
		{C64364D1-462D-4D47-B1CD-46DC4D0B8AB1}.Debug.Build.0 = Debug|Win32
		{C64364D1-462D-4D47-B1CD-46DC4D0B8AB1}.Release.ActiveCfg = Release|Win32
		{C64364D1-462D-4D47-B1CD-46DC4D0B8AB1}.Release.Build.0 = Release|Win32
		{BFF0B78A-0273-445C-AF14-3DD5571EC905}.Debug.ActiveCfg = Debug|Win32
		{BFF0B78A-0273-445C-AF14-3DD5571EC905}.Debug.Build.0 = Debug|Win32
		{BFF0B78A-0273-445C-AF14-3DD5571EC905}.Release.ActiveCfg = Release|Win32
		{BFF0B78A-0273-445C-AF14-3DD5571EC905}.Release.Build.0 = Release|Win32
		{1FDD0489-BB0F-41A1-B89F-90063208004C}.Debug.ActiveCfg = Debug|Win32
		{1FDD0489-BB0F-41A1-B89F-90063208004C}.Debug.Build.0 = Debug|Win32
		{1FDD0489-BB0F-41A1-B89F-90063208004C}.Release.ActiveCfg = Release|Win32
		{1FDD0489-BB0F-41A1-B89F-90063208004C}.Release.Build.0 = Release|Win32
		{FF29EDEA-CC71-47A5-B143-CF9523075EE1}.Debug.ActiveCfg = Debug|Win32
		{FF29EDEA-CC71-47A5-B143-CF9523075EE1}.Debug.Build.0 = Debug|Win32
		{FF29EDEA-CC71-47A5-B143-CF9523075EE1}.Release.ActiveCfg = Release|Win32
		{FF29EDEA-CC71-47A5-B143-CF9523075EE1}.Release.Build.0 = Release|Win32
		{4BD1AEEF-3A2F-4BD9-92FF-B6182B7D54C2}.Debug.ActiveCfg = Debug|Win32
		{4BD1AEEF-3A2F-4BD9-92FF-B6182B7D54C2}.Debug.Build.0 = Debug|Win32
		{4BD1AEEF-3A2F-4BD9-92FF-B6182B7D54C2}.Release.ActiveCfg = Release|Win32
		{4BD1AEEF-3A2F-4BD9-92FF-B6182B7D54C2}.Release.Build.0 = Release|Win32
	EndGlobalSection
	GlobalSection(ExtensibilityGlobals) = postSolution
	EndGlobalSection
	GlobalSection(ExtensibilityAddIns) = postSolution
	EndGlobalSection
EndGlobal
